
Microsoft Visual Studio Solution File, Format Version 12.00
# Visual Studio Version 17
VisualStudioVersion = 17.9.34728.123
MinimumVisualStudioVersion = 10.0.40219.1
Project("{FAE04EC0-301F-11D3-BF4B-00C04F79EFBC}") = "Jogo_Sortear", "Jogo_Sortear.csproj", "{8A64C2E8-1A1B-4760-B8DC-13502E93DA90}"
EndProject
Global
	GlobalSection(SolutionConfigurationPlatforms) = preSolution
		Debug|Any CPU = Debug|Any CPU
		Release|Any CPU = Release|Any CPU
	EndGlobalSection
	GlobalSection(ProjectConfigurationPlatforms) = postSolution
		{8A64C2E8-1A1B-4760-B8DC-13502E93DA90}.Debug|Any CPU.ActiveCfg = Debug|Any CPU
		{8A64C2E8-1A1B-4760-B8DC-13502E93DA90}.Debug|Any CPU.Build.0 = Debug|Any CPU
		{8A64C2E8-1A1B-4760-B8DC-13502E93DA90}.Release|Any CPU.ActiveCfg = Release|Any CPU
		{8A64C2E8-1A1B-4760-B8DC-13502E93DA90}.Release|Any CPU.Build.0 = Release|Any CPU
	EndGlobalSection
	GlobalSection(SolutionProperties) = preSolution
		HideSolutionNode = FALSE
	EndGlobalSection
	GlobalSection(ExtensibilityGlobals) = postSolution
		SolutionGuid = {DCB4DFFF-B6F9-45CE-B1CB-244B2A90177A}
	EndGlobalSection
EndGlobal
